
Microsoft Visual Studio Solution File, Format Version 12.00
# Visual Studio Version 17
VisualStudioVersion = 17.0.31903.59
MinimumVisualStudioVersion = 10.0.40219.1
Project("{2150E333-8FDC-42A3-9474-1A3956D46DE8}") = "src", "src", "{827E0CD3-B72D-47B6-A68D-7590B98EB39B}"
EndProject
Project("{FAE04EC0-301F-11D3-BF4B-00C04F79EFBC}") = "PrintBit.Application", "src\PrintBit.Application\PrintBit.Application.csproj", "{F2D4B988-AF49-4DBC-9324-363BE6EE73B7}"
EndProject
Project("{FAE04EC0-301F-11D3-BF4B-00C04F79EFBC}") = "PrintBit.Hardware", "src\PrintBit.Hardware\PrintBit.Hardware.csproj", "{997D94E8-D4F1-483D-8693-AE91AE8A7430}"
EndProject
Project("{FAE04EC0-301F-11D3-BF4B-00C04F79EFBC}") = "PrintBit.Shared", "src\PrintBit.Shared\PrintBit.Shared.csproj", "{9F250EC6-65C6-4045-97E6-7C13D810238A}"
EndProject
Project("{FAE04EC0-301F-11D3-BF4B-00C04F79EFBC}") = "PrintBit.Infrastructure", "src\PrintBit.Infrastructure\PrintBit.Infrastructure.csproj", "{7C922148-D171-44A8-B24D-67659F3663B6}"
EndProject
Project("{FAE04EC0-301F-11D3-BF4B-00C04F79EFBC}") = "PrintBit.Infrastructure.Windows", "src\PrintBit.Infrastructure.Windows\PrintBit.Infrastructure.Windows.csproj", "{4B9917B6-B464-4647-800A-B0075F9EA59E}"
EndProject
Project("{FAE04EC0-301F-11D3-BF4B-00C04F79EFBC}") = "PrintBit.HardwareService", "src\PrintBit.HardwareService\PrintBit.HardwareService.csproj", "{8CEB6AE9-849E-4BD4-9AAF-71E5B7C25244}"
EndProject
Project("{2150E333-8FDC-42A3-9474-1A3956D46DE8}") = "tests", "tests", "{0AB3BF05-4346-4AA6-1389-037BE0695223}"
EndProject
Project("{FAE04EC0-301F-11D3-BF4B-00C04F79EFBC}") = "PrintBit.Tests", "tests\PrintBit.Tests\PrintBit.Tests.csproj", "{CBCF50DB-65BF-4955-ACCB-ECCAAA944C6A}"
EndProject
Global
	GlobalSection(SolutionConfigurationPlatforms) = preSolution
		Debug|Any CPU = Debug|Any CPU
		Debug|x64 = Debug|x64
		Debug|x86 = Debug|x86
		Release|Any CPU = Release|Any CPU
		Release|x64 = Release|x64
		Release|x86 = Release|x86
	EndGlobalSection
	GlobalSection(ProjectConfigurationPlatforms) = postSolution
		{F2D4B988-AF49-4DBC-9324-363BE6EE73B7}.Debug|Any CPU.ActiveCfg = Debug|Any CPU
		{F2D4B988-AF49-4DBC-9324-363BE6EE73B7}.Debug|Any CPU.Build.0 = Debug|Any CPU
		{F2D4B988-AF49-4DBC-9324-363BE6EE73B7}.Debug|x64.ActiveCfg = Debug|Any CPU
		{F2D4B988-AF49-4DBC-9324-363BE6EE73B7}.Debug|x64.Build.0 = Debug|Any CPU
		{F2D4B988-AF49-4DBC-9324-363BE6EE73B7}.Debug|x86.ActiveCfg = Debug|Any CPU
		{F2D4B988-AF49-4DBC-9324-363BE6EE73B7}.Debug|x86.Build.0 = Debug|Any CPU
		{F2D4B988-AF49-4DBC-9324-363BE6EE73B7}.Release|Any CPU.ActiveCfg = Release|Any CPU
		{F2D4B988-AF49-4DBC-9324-363BE6EE73B7}.Release|Any CPU.Build.0 = Release|Any CPU
		{F2D4B988-AF49-4DBC-9324-363BE6EE73B7}.Release|x64.ActiveCfg = Release|Any CPU
		{F2D4B988-AF49-4DBC-9324-363BE6EE73B7}.Release|x64.Build.0 = Release|Any CPU
		{F2D4B988-AF49-4DBC-9324-363BE6EE73B7}.Release|x86.ActiveCfg = Release|Any CPU
		{F2D4B988-AF49-4DBC-9324-363BE6EE73B7}.Release|x86.Build.0 = Release|Any CPU
		{997D94E8-D4F1-483D-8693-AE91AE8A7430}.Debug|Any CPU.ActiveCfg = Debug|Any CPU
		{997D94E8-D4F1-483D-8693-AE91AE8A7430}.Debug|Any CPU.Build.0 = Debug|Any CPU
		{997D94E8-D4F1-483D-8693-AE91AE8A7430}.Debug|x64.ActiveCfg = Debug|Any CPU
		{997D94E8-D4F1-483D-8693-AE91AE8A7430}.Debug|x64.Build.0 = Debug|Any CPU
		{997D94E8-D4F1-483D-8693-AE91AE8A7430}.Debug|x86.ActiveCfg = Debug|Any CPU
		{997D94E8-D4F1-483D-8693-AE91AE8A7430}.Debug|x86.Build.0 = Debug|Any CPU
		{997D94E8-D4F1-483D-8693-AE91AE8A7430}.Release|Any CPU.ActiveCfg = Release|Any CPU
		{997D94E8-D4F1-483D-8693-AE91AE8A7430}.Release|Any CPU.Build.0 = Release|Any CPU
		{997D94E8-D4F1-483D-8693-AE91AE8A7430}.Release|x64.ActiveCfg = Release|Any CPU
		{997D94E8-D4F1-483D-8693-AE91AE8A7430}.Release|x64.Build.0 = Release|Any CPU
		{997D94E8-D4F1-483D-8693-AE91AE8A7430}.Release|x86.ActiveCfg = Release|Any CPU
		{997D94E8-D4F1-483D-8693-AE91AE8A7430}.Release|x86.Build.0 = Release|Any CPU
		{9F250EC6-65C6-4045-97E6-7C13D810238A}.Debug|Any CPU.ActiveCfg = Debug|Any CPU
		{9F250EC6-65C6-4045-97E6-7C13D810238A}.Debug|Any CPU.Build.0 = Debug|Any CPU
		{9F250EC6-65C6-4045-97E6-7C13D810238A}.Debug|x64.ActiveCfg = Debug|Any CPU
		{9F250EC6-65C6-4045-97E6-7C13D810238A}.Debug|x64.Build.0 = Debug|Any CPU
		{9F250EC6-65C6-4045-97E6-7C13D810238A}.Debug|x86.ActiveCfg = Debug|Any CPU
		{9F250EC6-65C6-4045-97E6-7C13D810238A}.Debug|x86.Build.0 = Debug|Any CPU
		{9F250EC6-65C6-4045-97E6-7C13D810238A}.Release|Any CPU.ActiveCfg = Release|Any CPU
		{9F250EC6-65C6-4045-97E6-7C13D810238A}.Release|Any CPU.Build.0 = Release|Any CPU
		{9F250EC6-65C6-4045-97E6-7C13D810238A}.Release|x64.ActiveCfg = Release|Any CPU
		{9F250EC6-65C6-4045-97E6-7C13D810238A}.Release|x64.Build.0 = Release|Any CPU
		{9F250EC6-65C6-4045-97E6-7C13D810238A}.Release|x86.ActiveCfg = Release|Any CPU
		{9F250EC6-65C6-4045-97E6-7C13D810238A}.Release|x86.Build.0 = Release|Any CPU
		{7C922148-D171-44A8-B24D-67659F3663B6}.Debug|Any CPU.ActiveCfg = Debug|Any CPU
		{7C922148-D171-44A8-B24D-67659F3663B6}.Debug|Any CPU.Build.0 = Debug|Any CPU
		{7C922148-D171-44A8-B24D-67659F3663B6}.Debug|x64.ActiveCfg = Debug|Any CPU
		{7C922148-D171-44A8-B24D-67659F3663B6}.Debug|x64.Build.0 = Debug|Any CPU
		{7C922148-D171-44A8-B24D-67659F3663B6}.Debug|x86.ActiveCfg = Debug|Any CPU
		{7C922148-D171-44A8-B24D-67659F3663B6}.Debug|x86.Build.0 = Debug|Any CPU
		{7C922148-D171-44A8-B24D-67659F3663B6}.Release|Any CPU.ActiveCfg = Release|Any CPU
		{7C922148-D171-44A8-B24D-67659F3663B6}.Release|Any CPU.Build.0 = Release|Any CPU
		{7C922148-D171-44A8-B24D-67659F3663B6}.Release|x64.ActiveCfg = Release|Any CPU
		{7C922148-D171-44A8-B24D-67659F3663B6}.Release|x64.Build.0 = Release|Any CPU
		{7C922148-D171-44A8-B24D-67659F3663B6}.Release|x86.ActiveCfg = Release|Any CPU
		{7C922148-D171-44A8-B24D-67659F3663B6}.Release|x86.Build.0 = Release|Any CPU
		{4B9917B6-B464-4647-800A-B0075F9EA59E}.Debug|Any CPU.ActiveCfg = Debug|Any CPU
		{4B9917B6-B464-4647-800A-B0075F9EA59E}.Debug|Any CPU.Build.0 = Debug|Any CPU
		{4B9917B6-B464-4647-800A-B0075F9EA59E}.Debug|x64.ActiveCfg = Debug|Any CPU
		{4B9917B6-B464-4647-800A-B0075F9EA59E}.Debug|x64.Build.0 = Debug|Any CPU
		{4B9917B6-B464-4647-800A-B0075F9EA59E}.Debug|x86.ActiveCfg = Debug|Any CPU
		{4B9917B6-B464-4647-800A-B0075F9EA59E}.Debug|x86.Build.0 = Debug|Any CPU
		{4B9917B6-B464-4647-800A-B0075F9EA59E}.Release|Any CPU.ActiveCfg = Release|Any CPU
		{4B9917B6-B464-4647-800A-B0075F9EA59E}.Release|Any CPU.Build.0 = Release|Any CPU
		{4B9917B6-B464-4647-800A-B0075F9EA59E}.Release|x64.ActiveCfg = Release|Any CPU
		{4B9917B6-B464-4647-800A-B0075F9EA59E}.Release|x64.Build.0 = Release|Any CPU
		{4B9917B6-B464-4647-800A-B0075F9EA59E}.Release|x86.ActiveCfg = Release|Any CPU
		{4B9917B6-B464-4647-800A-B0075F9EA59E}.Release|x86.Build.0 = Release|Any CPU
		{8CEB6AE9-849E-4BD4-9AAF-71E5B7C25244}.Debug|Any CPU.ActiveCfg = Debug|Any CPU
		{8CEB6AE9-849E-4BD4-9AAF-71E5B7C25244}.Debug|Any CPU.Build.0 = Debug|Any CPU
		{8CEB6AE9-849E-4BD4-9AAF-71E5B7C25244}.Debug|x64.ActiveCfg = Debug|Any CPU
		{8CEB6AE9-849E-4BD4-9AAF-71E5B7C25244}.Debug|x64.Build.0 = Debug|Any CPU
		{8CEB6AE9-849E-4BD4-9AAF-71E5B7C25244}.Debug|x86.ActiveCfg = Debug|Any CPU
		{8CEB6AE9-849E-4BD4-9AAF-71E5B7C25244}.Debug|x86.Build.0 = Debug|Any CPU
		{8CEB6AE9-849E-4BD4-9AAF-71E5B7C25244}.Release|Any CPU.ActiveCfg = Release|Any CPU
		{8CEB6AE9-849E-4BD4-9AAF-71E5B7C25244}.Release|Any CPU.Build.0 = Release|Any CPU
		{8CEB6AE9-849E-4BD4-9AAF-71E5B7C25244}.Release|x64.ActiveCfg = Release|Any CPU
		{8CEB6AE9-849E-4BD4-9AAF-71E5B7C25244}.Release|x64.Build.0 = Release|Any CPU
		{8CEB6AE9-849E-4BD4-9AAF-71E5B7C25244}.Release|x86.ActiveCfg = Release|Any CPU
		{8CEB6AE9-849E-4BD4-9AAF-71E5B7C25244}.Release|x86.Build.0 = Release|Any CPU
		{CBCF50DB-65BF-4955-ACCB-ECCAAA944C6A}.Debug|Any CPU.ActiveCfg = Debug|Any CPU
		{CBCF50DB-65BF-4955-ACCB-ECCAAA944C6A}.Debug|Any CPU.Build.0 = Debug|Any CPU
		{CBCF50DB-65BF-4955-ACCB-ECCAAA944C6A}.Debug|x64.ActiveCfg = Debug|Any CPU
		{CBCF50DB-65BF-4955-ACCB-ECCAAA944C6A}.Debug|x64.Build.0 = Debug|Any CPU
		{CBCF50DB-65BF-4955-ACCB-ECCAAA944C6A}.Debug|x86.ActiveCfg = Debug|Any CPU
		{CBCF50DB-65BF-4955-ACCB-ECCAAA944C6A}.Debug|x86.Build.0 = Debug|Any CPU
		{CBCF50DB-65BF-4955-ACCB-ECCAAA944C6A}.Release|Any CPU.ActiveCfg = Release|Any CPU
		{CBCF50DB-65BF-4955-ACCB-ECCAAA944C6A}.Release|Any CPU.Build.0 = Release|Any CPU
		{CBCF50DB-65BF-4955-ACCB-ECCAAA944C6A}.Release|x64.ActiveCfg = Release|Any CPU
		{CBCF50DB-65BF-4955-ACCB-ECCAAA944C6A}.Release|x64.Build.0 = Release|Any CPU
		{CBCF50DB-65BF-4955-ACCB-ECCAAA944C6A}.Release|x86.ActiveCfg = Release|Any CPU
		{CBCF50DB-65BF-4955-ACCB-ECCAAA944C6A}.Release|x86.Build.0 = Release|Any CPU
	EndGlobalSection
	GlobalSection(SolutionProperties) = preSolution
		HideSolutionNode = FALSE
	EndGlobalSection
	GlobalSection(NestedProjects) = preSolution
		{F2D4B988-AF49-4DBC-9324-363BE6EE73B7} = {827E0CD3-B72D-47B6-A68D-7590B98EB39B}
		{997D94E8-D4F1-483D-8693-AE91AE8A7430} = {827E0CD3-B72D-47B6-A68D-7590B98EB39B}
		{9F250EC6-65C6-4045-97E6-7C13D810238A} = {827E0CD3-B72D-47B6-A68D-7590B98EB39B}
		{7C922148-D171-44A8-B24D-67659F3663B6} = {827E0CD3-B72D-47B6-A68D-7590B98EB39B}
		{4B9917B6-B464-4647-800A-B0075F9EA59E} = {827E0CD3-B72D-47B6-A68D-7590B98EB39B}
		{8CEB6AE9-849E-4BD4-9AAF-71E5B7C25244} = {827E0CD3-B72D-47B6-A68D-7590B98EB39B}
		{CBCF50DB-65BF-4955-ACCB-ECCAAA944C6A} = {0AB3BF05-4346-4AA6-1389-037BE0695223}
	EndGlobalSection
EndGlobal
